PODS:
  - Flutter (1.0.0)
  - image_picker_ios (0.0.1):
    - Flutter
  - mapbox_maps_flutter (2.7.0):
    - Flutter
    - MapboxMaps (= 11.11.0)
    - Turf (= 4.0.0)
  - MapboxCommon (24.11.0):
    - Turf (= 4.0.0)
  - MapboxCoreMaps (11.11.0):
    - MapboxCommon (~> 24.11.0)
  - MapboxMaps (11.11.0):
    - MapboxCommon (= 24.11.0)
    - MapboxCoreMaps (= 11.11.0)
    - Turf (= 4.0.0)
  - path_provider_foundation (0.0.1):
    - Flutter
    - FlutterMacOS
  - Turf (4.0.0)

DEPENDENCIES:
  - Flutter (from `Flutter`)
  - image_picker_ios (from `.symlinks/plugins/image_picker_ios/ios`)
  - mapbox_maps_flutter (from `.symlinks/plugins/mapbox_maps_flutter/ios`)
  - path_provider_foundation (from `.symlinks/plugins/path_provider_foundation/darwin`)

SPEC REPOS:
  trunk:
    - MapboxCommon
    - MapboxCoreMaps
    - MapboxMaps
    - Turf

EXTERNAL SOURCES:
  Flutter:
    :path: Flutter
  image_picker_ios:
    :path: ".symlinks/plugins/image_picker_ios/ios"
  mapbox_maps_flutter:
    :path: ".symlinks/plugins/mapbox_maps_flutter/ios"
  path_provider_foundation:
    :path: ".symlinks/plugins/path_provider_foundation/darwin"

SPEC CHECKSUMS:
  Flutter: e0871f40cf51350855a761d2e70bf5af5b9b5de7
  image_picker_ios: 7fe1ff8e34c1790d6fff70a32484959f563a928a
  mapbox_maps_flutter: 4def394c2c589f0be7b7f33b7f152aee897ca2af
  MapboxCommon: 68daa8291a799ba2e24050160a1eb71e090ac0ca
  MapboxCoreMaps: 99401a4a1cfddbd5166d29db43d26e7afa28acfd
  MapboxMaps: 5199095d616bbf02d99f6287dbb2023e66c6987c
  path_provider_foundation: 080d55be775b7414fd5a5ef3ac137b97b097e564
  Turf: c9eb11a65d96af58cac523460fd40fec5061b081

PODFILE CHECKSUM: 1959d098c91d8a792531a723c4a9d7e9f6a01e38

COCOAPODS: 1.16.2
